
Microsoft Visual Studio Solution File, Format Version 12.00
# Visual Studio 15
VisualStudioVersion = 15.0.27004.2002
MinimumVisualStudioVersion = 10.0.40219.1
Project("{888888A0-9F3D-457C-B088-3A5042F75D52}") = "MNIST", "MNIST\MNIST.pyproj", "{CA269755-BE1C-4873-AAED-EF9C1B0BA79B}"
EndProject
Global
	GlobalSection(SolutionConfigurationPlatforms) = preSolution
		Debug|Any CPU = Debug|Any CPU
		Release|Any CPU = Release|Any CPU
	EndGlobalSection
	GlobalSection(ProjectConfigurationPlatforms) = postSolution
		{CA269755-BE1C-4873-AAED-EF9C1B0BA79B}.Debug|Any CPU.ActiveCfg = Debug|Any CPU
		{CA269755-BE1C-4873-AAED-EF9C1B0BA79B}.Release|Any CPU.ActiveCfg = Release|Any CPU
	EndGlobalSection
	GlobalSection(SolutionProperties) = preSolution
		HideSolutionNode = FALSE
	EndGlobalSection
	GlobalSection(ExtensibilityGlobals) = postSolution
		SolutionGuid = {CE67EC97-DCC0-4805-8AB2-3A4840D527CD}
	EndGlobalSection
EndGlobal
